
Microsoft Visual Studio Solution File, Format Version 12.00
# Visual Studio Version 17
VisualStudioVersion = 17.2.32616.157
MinimumVisualStudioVersion = 10.0.40219.1
Project("{FAE04EC0-301F-11D3-BF4B-00C04F79EFBC}") = "Test", "Test\Test.csproj", "{490BE176-5873-4657-B43A-E98081128E97}"
EndProject
Project("{FAE04EC0-301F-11D3-BF4B-00C04F79EFBC}") = "UnitTests", "TestsTest\UnitTests.csproj", "{FF85BA5D-E251-4954-8546-F3C60FCD9DE1}"
EndProject
Global
	GlobalSection(SolutionConfigurationPlatforms) = preSolution
		Debug|Any CPU = Debug|Any CPU
		Release|Any CPU = Release|Any CPU
	EndGlobalSection
	GlobalSection(ProjectConfigurationPlatforms) = postSolution
		{490BE176-5873-4657-B43A-E98081128E97}.Debug|Any CPU.ActiveCfg = Debug|Any CPU
		{490BE176-5873-4657-B43A-E98081128E97}.Debug|Any CPU.Build.0 = Debug|Any CPU
		{490BE176-5873-4657-B43A-E98081128E97}.Release|Any CPU.ActiveCfg = Release|Any CPU
		{490BE176-5873-4657-B43A-E98081128E97}.Release|Any CPU.Build.0 = Release|Any CPU
		{FF85BA5D-E251-4954-8546-F3C60FCD9DE1}.Debug|Any CPU.ActiveCfg = Debug|Any CPU
		{FF85BA5D-E251-4954-8546-F3C60FCD9DE1}.Debug|Any CPU.Build.0 = Debug|Any CPU
		{FF85BA5D-E251-4954-8546-F3C60FCD9DE1}.Release|Any CPU.ActiveCfg = Release|Any CPU
		{FF85BA5D-E251-4954-8546-F3C60FCD9DE1}.Release|Any CPU.Build.0 = Release|Any CPU
	EndGlobalSection
	GlobalSection(SolutionProperties) = preSolution
		HideSolutionNode = FALSE
	EndGlobalSection
	GlobalSection(ExtensibilityGlobals) = postSolution
		SolutionGuid = {4A73E4F4-10A6-49AC-BD75-A4466DAEDEC1}
	EndGlobalSection
EndGlobal
